
Microsoft Visual Studio Solution File, Format Version 12.00
# Visual Studio Version 17
VisualStudioVersion = 17.11.35219.272
MinimumVisualStudioVersion = 10.0.40219.1
Project("{FAE04EC0-301F-11D3-BF4B-00C04F79EFBC}") = "EmployeesCh12", "EmployeesCh12.csproj", "{00061C3D-543D-4D0D-BFE0-E017DA420973}"
EndProject
Global
	GlobalSection(SolutionConfigurationPlatforms) = preSolution
		Debug|Any CPU = Debug|Any CPU
		Release|Any CPU = Release|Any CPU
	EndGlobalSection
	GlobalSection(ProjectConfigurationPlatforms) = postSolution
		{00061C3D-543D-4D0D-BFE0-E017DA420973}.Debug|Any CPU.ActiveCfg = Debug|Any CPU
		{00061C3D-543D-4D0D-BFE0-E017DA420973}.Debug|Any CPU.Build.0 = Debug|Any CPU
		{00061C3D-543D-4D0D-BFE0-E017DA420973}.Release|Any CPU.ActiveCfg = Release|Any CPU
		{00061C3D-543D-4D0D-BFE0-E017DA420973}.Release|Any CPU.Build.0 = Release|Any CPU
	EndGlobalSection
	GlobalSection(SolutionProperties) = preSolution
		HideSolutionNode = FALSE
	EndGlobalSection
	GlobalSection(ExtensibilityGlobals) = postSolution
		SolutionGuid = {AA146355-7917-496F-AC95-51E7F7FD913D}
	EndGlobalSection
EndGlobal
